{
    "name": "@moe-tech/orch-utils",
    "version": "1.0.0",
    "lockfileVersion": 1,
    "requires": true,
    "dependencies": {
        "aws-sdk": {
            "version": "2.810.0",
            "resolved": "https://moetech.jfrog.io/artifactory/api/npm/npm/aws-sdk/-/aws-sdk-2.810.0.tgz",
            "integrity": "sha1-Z7Eet6xruWfF+726Ujhy1Fz6Uts=",
            "requires": {
                "buffer": "4.9.2",
                "events": "1.1.1",
                "ieee754": "1.1.13",
                "jmespath": "0.15.0",
                "querystring": "0.2.0",
                "sax": "1.2.1",
                "url": "0.10.3",
                "uuid": "3.3.2",
                "xml2js": "0.4.19"
            }
        },
        "balanced-match": {
            "version": "1.0.0",
            "resolved": "https://moetech.jfrog.io/artifactory/api/npm/npm/balanced-match/-/balanced-match-1.0.0.tgz",
            "integrity": "sha1-ibTRmasr7kneFk6gK4nORi1xt2c="
        },
        "base64-js": {
            "version": "1.5.1",
            "resolved": "https://moetech.jfrog.io/artifactory/api/npm/npm/base64-js/-/base64-js-1.5.1.tgz",
            "integrity": "sha1-GxtEAWClv3rUC2UPCVljSBkDkwo="
        },
        "brace-expansion": {
            "version": "1.1.11",
            "resolved": "https://moetech.jfrog.io/artifactory/api/npm/npm/brace-expansion/-/brace-expansion-1.1.11.tgz",
            "integrity": "sha1-PH/L9SnYcibz0vUrlm/1Jx60Qd0=",
            "requires": {
                "balanced-match": "^1.0.0",
                "concat-map": "0.0.1"
            }
        },
        "buffer": {
            "version": "4.9.2",
            "resolved": "https://moetech.jfrog.io/artifactory/api/npm/npm/buffer/-/buffer-4.9.2.tgz",
            "integrity": "sha1-Iw6tNEACmIZEhBqwJEr4xEu+Pvg=",
            "requires": {
                "base64-js": "^1.0.2",
                "ieee754": "^1.1.4",
                "isarray": "^1.0.0"
            }
        },
        "concat-map": {
            "version": "0.0.1",
            "resolved": "https://moetech.jfrog.io/artifactory/api/npm/npm/concat-map/-/concat-map-0.0.1.tgz",
            "integrity": "sha1-2Klr13/Wjfd5OnMDajug1UBdR3s="
        },
        "events": {
            "version": "1.1.1",
            "resolved": "https://moetech.jfrog.io/artifactory/api/npm/npm/events/-/events-1.1.1.tgz",
            "integrity": "sha1-nr23Y1rQmccNzEwqH1AEKI6L2SQ="
        },
        "fs.realpath": {
            "version": "1.0.0",
            "resolved": "https://moetech.jfrog.io/artifactory/api/npm/npm/fs.realpath/-/fs.realpath-1.0.0.tgz",
            "integrity": "sha1-FQStJSMVjKpA20onh8sBQRmU6k8="
        },
        "glob": {
            "version": "7.1.6",
            "resolved": "https://moetech.jfrog.io/artifactory/api/npm/npm/glob/-/glob-7.1.6.tgz",
            "integrity": "sha1-FB8zuBp8JJLhJVlDB0gMRmeSeKY=",
            "requires": {
                "fs.realpath": "^1.0.0",
                "inflight": "^1.0.4",
                "inherits": "2",
                "minimatch": "^3.0.4",
                "once": "^1.3.0",
                "path-is-absolute": "^1.0.0"
            }
        },
        "ieee754": {
            "version": "1.1.13",
            "resolved": "https://moetech.jfrog.io/artifactory/api/npm/npm/ieee754/-/ieee754-1.1.13.tgz",
            "integrity": "sha1-7BaFWOlaoYH9h9N/VcMrvLZwi4Q="
        },
        "inflight": {
            "version": "1.0.6",
            "resolved": "https://moetech.jfrog.io/artifactory/api/npm/npm/inflight/-/inflight-1.0.6.tgz",
            "integrity": "sha1-Sb1jMdfQLQwJvJEKEHW6gWW1bfk=",
            "requires": {
                "once": "^1.3.0",
                "wrappy": "1"
            }
        },
        "inherits": {
            "version": "2.0.4",
            "resolved": "https://moetech.jfrog.io/artifactory/api/npm/npm/inherits/-/inherits-2.0.4.tgz",
            "integrity": "sha1-D6LGT5MpF8NDOg3tVTY6rjdBa3w="
        },
        "isarray": {
            "version": "1.0.0",
            "resolved": "https://moetech.jfrog.io/artifactory/api/npm/npm/isarray/-/isarray-1.0.0.tgz",
            "integrity": "sha1-u5NdSFgsuhaMBoNJV6VKPgcSTxE="
        },
        "jmespath": {
            "version": "0.15.0",
            "resolved": "https://moetech.jfrog.io/artifactory/api/npm/npm/jmespath/-/jmespath-0.15.0.tgz",
            "integrity": "sha1-o/Iiqarp+Wb10nx5ZRDigJF2Qhc="
        },
        "minimatch": {
            "version": "3.0.4",
            "resolved": "https://moetech.jfrog.io/artifactory/api/npm/npm/minimatch/-/minimatch-3.0.4.tgz",
            "integrity": "sha1-UWbihkV/AzBgZL5Ul+jbsMPTIIM=",
            "requires": {
                "brace-expansion": "^1.1.7"
            }
        },
        "once": {
            "version": "1.4.0",
            "resolved": "https://moetech.jfrog.io/artifactory/api/npm/npm/once/-/once-1.4.0.tgz",
            "integrity": "sha1-WDsap3WWHUsROsF9nFC6753Xa9E=",
            "requires": {
                "wrappy": "1"
            }
        },
        "path-is-absolute": {
            "version": "1.0.1",
            "resolved": "https://moetech.jfrog.io/artifactory/api/npm/npm/path-is-absolute/-/path-is-absolute-1.0.1.tgz",
            "integrity": "sha1-F0uSaHNVNP+8es5r9TpanhtcX18="
        },
        "punycode": {
            "version": "1.3.2",
            "resolved": "https://moetech.jfrog.io/artifactory/api/npm/npm/punycode/-/punycode-1.3.2.tgz",
            "integrity": "sha1-llOgNvt8HuQjQvIyXM7v6jkmxI0="
        },
        "querystring": {
            "version": "0.2.0",
            "resolved": "https://moetech.jfrog.io/artifactory/api/npm/npm/querystring/-/querystring-0.2.0.tgz",
            "integrity": "sha1-sgmEkgO7Jd+CDadW50cAWHhSFiA="
        },
        "sax": {
            "version": "1.2.1",
            "resolved": "https://moetech.jfrog.io/artifactory/api/npm/npm/sax/-/sax-1.2.1.tgz",
            "integrity": "sha1-e45lYZCyKOgaZq6nSEgNgozS03o="
        },
        "url": {
            "version": "0.10.3",
            "resolved": "https://moetech.jfrog.io/artifactory/api/npm/npm/url/-/url-0.10.3.tgz",
            "integrity": "sha1-Ah5NnHcF8hu/N9A861h2dAJ3TGQ=",
            "requires": {
                "punycode": "1.3.2",
                "querystring": "0.2.0"
            }
        },
        "uuid": {
            "version": "3.3.2",
            "resolved": "https://moetech.jfrog.io/artifactory/api/npm/npm/uuid/-/uuid-3.3.2.tgz",
            "integrity": "sha1-G0r0lV6zB3xQHCOHL8ZROBFYcTE="
        },
        "wrappy": {
            "version": "1.0.2",
            "resolved": "https://moetech.jfrog.io/artifactory/api/npm/npm/wrappy/-/wrappy-1.0.2.tgz",
            "integrity": "sha1-tSQ9jz7BqjXxNkYFvA0QNuMKtp8="
        },
        "xml2js": {
            "version": "0.4.19",
            "resolved": "https://moetech.jfrog.io/artifactory/api/npm/npm/xml2js/-/xml2js-0.4.19.tgz",
            "integrity": "sha1-aGwg8hMgnpSr8NG88e+qKRx4J6c=",
            "requires": {
                "sax": ">=0.6.0",
                "xmlbuilder": "~9.0.1"
            }
        },
        "xmlbuilder": {
            "version": "9.0.7",
            "resolved": "https://moetech.jfrog.io/artifactory/api/npm/npm/xmlbuilder/-/xmlbuilder-9.0.7.tgz",
            "integrity": "sha1-Ey7mPS7FVlxVfiD0wi35rKaGsQ0="
        }
    }
}
